// !$*UTF8*$!
{
	archiveVersion = 1;
	classes = {
	};
	objectVersion = 55;
	objects = {

/* Begin PBXBuildFile section */
		796C508628BB9AE700000755 /* AppDelegate.swift in Sources */ = {isa = PBXBuildFile; fileRef = 796C508528BB9AE700000755 /* AppDelegate.swift */; };
		796C508828BB9AE700000755 /* SceneDelegate.swift in Sources */ = {isa = PBXBuildFile; fileRef = 796C508728BB9AE700000755 /* SceneDelegate.swift */; };
		796C508A28BB9AE700000755 /* ViewController.swift in Sources */ = {isa = PBXBuildFile; fileRef = 796C508928BB9AE700000755 /* ViewController.swift */; };
		796C508D28BB9AE700000755 /* Main.storyboard in Resources */ = {isa = PBXBuildFile; fileRef = 796C508B28BB9AE700000755 /* Main.storyboard */; };
		796C508F28BB9AEC00000755 /* Assets.xcassets in Resources */ = {isa = PBXBuildFile; fileRef = 796C508E28BB9AEC00000755 /* Assets.xcassets */; };
		796C509228BB9AEC00000755 /* LaunchScreen.storyboard in Resources */ = {isa = PBXBuildFile; fileRef = 796C509028BB9AEC00000755 /* LaunchScreen.storyboard */; };
		796C50B128BBAF0800000755 /* cannon.mp3 in Resources */ = {isa = PBXBuildFile; fileRef = 796C50AA28BBAF0800000755 /* cannon.mp3 */; };
		796C50B228BBAF0800000755 /* elise.mp3 in Resources */ = {isa = PBXBuildFile; fileRef = 796C50AB28BBAF0800000755 /* elise.mp3 */; };
		796C50B328BBAF0800000755 /* aria.mp3 in Resources */ = {isa = PBXBuildFile; fileRef = 796C50AC28BBAF0800000755 /* aria.mp3 */; };
		796C50B428BBAF0800000755 /* Beethoven.jpg in Resources */ = {isa = PBXBuildFile; fileRef = 796C50AE28BBAF0800000755 /* Beethoven.jpg */; };
		796C50B528BBAF0800000755 /* Pachelbel.jpg in Resources */ = {isa = PBXBuildFile; fileRef = 796C50AF28BBAF0800000755 /* Pachelbel.jpg */; };
		796C50B628BBAF0800000755 /* Bach.jpg in Resources */ = {isa = PBXBuildFile; fileRef = 796C50B028BBAF0800000755 /* Bach.jpg */; };
/* End PBXBuildFile section */

/* Begin PBXFileReference section */
		796C508228BB9AE700000755 /* TechPod.app */ = {isa = PBXFileReference; explicitFileType = wrapper.application; includeInIndex = 0; path = TechPod.app; sourceTree = BUILT_PRODUCTS_DIR; };
		796C508528BB9AE700000755 /* AppDelegate.swift */ = {isa = PBXFileReference; lastKnownFileType = sourcecode.swift; path = AppDelegate.swift; sourceTree = "<group>"; };
		796C508728BB9AE700000755 /* SceneDelegate.swift */ = {isa = PBXFileReference; lastKnownFileType = sourcecode.swift; path = SceneDelegate.swift; sourceTree = "<group>"; };
		796C508928BB9AE700000755 /* ViewController.swift */ = {isa = PBXFileReference; lastKnownFileType = sourcecode.swift; path = ViewController.swift; sourceTree = "<group>"; };
		796C508C28BB9AE700000755 /* Base */ = {isa = PBXFileReference; lastKnownFileType = file.storyboard; name = Base; path = Base.lproj/Main.storyboard; sourceTree = "<group>"; };
		796C508E28BB9AEC00000755 /* Assets.xcassets */ = {isa = PBXFileReference; lastKnownFileType = folder.assetcatalog; path = Assets.xcassets; sourceTree = "<group>"; };
		796C509128BB9AEC00000755 /* Base */ = {isa = PBXFileReference; lastKnownFileType = file.storyboard; name = Base; path = Base.lproj/LaunchScreen.storyboard; sourceTree = "<group>"; };
		796C509328BB9AEC00000755 /* Info.plist */ = {isa = PBXFileReference; lastKnownFileType = text.plist.xml; path = Info.plist; sourceTree = "<group>"; };
		796C50AA28BBAF0800000755 /* cannon.mp3 */ = {isa = PBXFileReference; lastKnownFileType = audio.mp3; path = cannon.mp3; sourceTree = "<group>"; };
		796C50AB28BBAF0800000755 /* elise.mp3 */ = {isa = PBXFileReference; lastKnownFileType = audio.mp3; path = elise.mp3; sourceTree = "<group>"; };
		796C50AC28BBAF0800000755 /* aria.mp3 */ = {isa = PBXFileReference; lastKnownFileType = audio.mp3; path = aria.mp3; sourceTree = "<group>"; };
		796C50AE28BBAF0800000755 /* Beethoven.jpg */ = {isa = PBXFileReference; lastKnownFileType = image.jpeg; path = Beethoven.jpg; sourceTree = "<group>"; };
		796C50AF28BBAF0800000755 /* Pachelbel.jpg */ = {isa = PBXFileReference; lastKnownFileType = image.jpeg; path = Pachelbel.jpg; sourceTree = "<group>"; };
		796C50B028BBAF0800000755 /* Bach.jpg */ = {isa = PBXFileReference; lastKnownFileType = image.jpeg; path = Bach.jpg; sourceTree = "<group>"; };
/* End PBXFileReference section */

/* Begin PBXFrameworksBuildPhase section */
		796C507F28BB9AE700000755 /* Frameworks */ = {
			isa = PBXFrameworksBuildPhase;
			buildActionMask = 2147483647;
			files = (
			);
			runOnlyForDeploymentPostprocessing = 0;
		};
/* End PBXFrameworksBuildPhase section */

/* Begin PBXGroup section */
		796C507928BB9AE700000755 = {
			isa = PBXGroup;
			children = (
				796C508428BB9AE700000755 /* TechPod */,
				796C508328BB9AE700000755 /* Products */,
			);
			sourceTree = "<group>";
		};
		796C508328BB9AE700000755 /* Products */ = {
			isa = PBXGroup;
			children = (
				796C508228BB9AE700000755 /* TechPod.app */,
			);
			name = Products;
			sourceTree = "<group>";
		};
		796C508428BB9AE700000755 /* TechPod */ = {
			isa = PBXGroup;
			children = (
				796C50A828BBAF0800000755 /* Resources */,
				796C508528BB9AE700000755 /* AppDelegate.swift */,
				796C508728BB9AE700000755 /* SceneDelegate.swift */,
				796C508928BB9AE700000755 /* ViewController.swift */,
				796C508B28BB9AE700000755 /* Main.storyboard */,
				796C508E28BB9AEC00000755 /* Assets.xcassets */,
				796C509028BB9AEC00000755 /* LaunchScreen.storyboard */,
				796C509328BB9AEC00000755 /* Info.plist */,
			);
			path = TechPod;
			sourceTree = "<group>";
		};
		796C50A828BBAF0800000755 /* Resources */ = {
			isa = PBXGroup;
			children = (
				796C50A928BBAF0800000755 /* Songs */,
				796C50AD28BBAF0800000755 /* Images */,
			);
			path = Resources;
			sourceTree = "<group>";
		};
		796C50A928BBAF0800000755 /* Songs */ = {
			isa = PBXGroup;
			children = (
				796C50AA28BBAF0800000755 /* cannon.mp3 */,
				796C50AB28BBAF0800000755 /* elise.mp3 */,
				796C50AC28BBAF0800000755 /* aria.mp3 */,
			);
			path = Songs;
			sourceTree = "<group>";
		};
		796C50AD28BBAF0800000755 /* Images */ = {
			isa = PBXGroup;
			children = (
				796C50AE28BBAF0800000755 /* Beethoven.jpg */,
				796C50AF28BBAF0800000755 /* Pachelbel.jpg */,
				796C50B028BBAF0800000755 /* Bach.jpg */,
			);
			path = Images;
			sourceTree = "<group>";
		};
/* End PBXGroup section */

/* Begin PBXNativeTarget section */
		796C508128BB9AE700000755 /* TechPod */ = {
			isa = PBXNativeTarget;
			buildConfigurationList = 796C509628BB9AEC00000755 /* Build configuration list for PBXNativeTarget "TechPod" */;
			buildPhases = (
				796C507E28BB9AE700000755 /* Sources */,
				796C507F28BB9AE700000755 /* Frameworks */,
				796C508028BB9AE700000755 /* Resources */,
			);
			buildRules = (
			);
			dependencies = (
			);
			name = TechPod;
			productName = TechPod;
			productReference = 796C508228BB9AE700000755 /* TechPod.app */;
			productType = "com.apple.product-type.application";
		};
/* End PBXNativeTarget section */

/* Begin PBXProject section */
		796C507A28BB9AE700000755 /* Project object */ = {
			isa = PBXProject;
			attributes = {
				BuildIndependentTargetsInParallel = 1;
				LastSwiftUpdateCheck = 1340;
				LastUpgradeCheck = 1340;
				TargetAttributes = {
					796C508128BB9AE700000755 = {
						CreatedOnToolsVersion = 13.4.1;
					};
				};
			};
			buildConfigurationList = 796C507D28BB9AE700000755 /* Build configuration list for PBXProject "TechPod" */;
			compatibilityVersion = "Xcode 13.0";
			developmentRegion = en;
			hasScannedForEncodings = 0;
			knownRegions = (
				en,
				Base,
			);
			mainGroup = 796C507928BB9AE700000755;
			productRefGroup = 796C508328BB9AE700000755 /* Products */;
			projectDirPath = "";
			projectRoot = "";
			targets = (
				796C508128BB9AE700000755 /* TechPod */,
			);
		};
/* End PBXProject section */

/* Begin PBXResourcesBuildPhase section */
		796C508028BB9AE700000755 /* Resources */ = {
			isa = PBXResourcesBuildPhase;
			buildActionMask = 2147483647;
			files = (
				796C509228BB9AEC00000755 /* LaunchScreen.storyboard in Resources */,
				796C50B128BBAF0800000755 /* cannon.mp3 in Resources */,
				796C50B628BBAF0800000755 /* Bach.jpg in Resources */,
				796C50B228BBAF0800000755 /* elise.mp3 in Resources */,
				796C508F28BB9AEC00000755 /* Assets.xcassets in Resources */,
				796C50B528BBAF0800000755 /* Pachelbel.jpg in Resources */,
				796C508D28BB9AE700000755 /* Main.storyboard in Resources */,
				796C50B328BBAF0800000755 /* aria.mp3 in Resources */,
				796C50B428BBAF0800000755 /* Beethoven.jpg in Resources */,
			);
			runOnlyForDeploymentPostprocessing = 0;
		};
/* End PBXResourcesBuildPhase section */

/* Begin PBXSourcesBuildPhase section */
		796C507E28BB9AE700000755 /* Sources */ = {
			isa = PBXSourcesBuildPhase;
			buildActionMask = 2147483647;
			files = (
				796C508A28BB9AE700000755 /* ViewController.swift in Sources */,
				796C508628BB9AE700000755 /* AppDelegate.swift in Sources */,
				796C508828BB9AE700000755 /* SceneDelegate.swift in Sources */,
			);
			runOnlyForDeploymentPostprocessing = 0;
		};
/* End PBXSourcesBuildPhase section */

/* Begin PBXVariantGroup section */
		796C508B28BB9AE700000755 /* Main.storyboard */ = {
			isa = PBXVariantGroup;
			children = (
				796C508C28BB9AE700000755 /* Base */,
			);
			name = Main.storyboard;
			sourceTree = "<group>";
		};
		796C509028BB9AEC00000755 /* LaunchScreen.storyboard */ = {
			isa = PBXVariantGroup;
			children = (
				796C509128BB9AEC00000755 /* Base */,
			);
			name = LaunchScreen.storyboard;
			sourceTree = "<group>";
		};
/* End PBXVariantGroup section */

/* Begin XCBuildConfiguration section */
		796C509428BB9AEC00000755 /* Debug */ = {
			isa = XCBuildConfiguration;
			buildSettings = {
				ALWAYS_SEARCH_USER_PATHS = NO;
				CLANG_ANALYZER_NONNULL = YES;
				CLANG_ANALYZER_NUMBER_OBJECT_CONVERSION = YES_AGGRESSIVE;
				CLANG_CXX_LANGUAGE_STANDARD = "gnu++17";
				CLANG_ENABLE_MODULES = YES;
				CLANG_ENABLE_OBJC_ARC = YES;
				CLANG_ENABLE_OBJC_WEAK = YES;
				CLANG_WARN_BLOCK_CAPTURE_AUTORELEASING = YES;
				CLANG_WARN_BOOL_CONVERSION = YES;
				CLANG_WARN_COMMA = YES;
				CLANG_WARN_CONSTANT_CONVERSION = YES;
				CLANG_WARN_DEPRECATED_OBJC_IMPLEMENTATIONS = YES;
				CLANG_WARN_DIRECT_OBJC_ISA_USAGE = YES_ERROR;
				CLANG_WARN_DOCUMENTATION_COMMENTS = YES;
				CLANG_WARN_EMPTY_BODY = YES;
				CLANG_WARN_ENUM_CONVERSION = YES;
				CLANG_WARN_INFINITE_RECURSION = YES;
				CLANG_WARN_INT_CONVERSION = YES;
				CLANG_WARN_NON_LITERAL_NULL_CONVERSION = YES;
				CLANG_WARN_OBJC_IMPLICIT_RETAIN_SELF = YES;
				CLANG_WARN_OBJC_LITERAL_CONVERSION = YES;
				CLANG_WARN_OBJC_ROOT_CLASS = YES_ERROR;
				CLANG_WARN_QUOTED_INCLUDE_IN_FRAMEWORK_HEADER = YES;
				CLANG_WARN_RANGE_LOOP_ANALYSIS = YES;
				CLANG_WARN_STRICT_PROTOTYPES = YES;
				CLANG_WARN_SUSPICIOUS_MOVE = YES;
				CLANG_WARN_UNGUARDED_AVAILABILITY = YES_AGGRESSIVE;
				CLANG_WARN_UNREACHABLE_CODE = YES;
				CLANG_WARN__DUPLICATE_METHOD_MATCH = YES;
				COPY_PHASE_STRIP = NO;
				DEBUG_INFORMATION_FORMAT = dwarf;
				ENABLE_STRICT_OBJC_MSGSEND = YES;
				ENABLE_TESTABILITY = YES;
				GCC_C_LANGUAGE_STANDARD = gnu11;
				GCC_DYNAMIC_NO_PIC = NO;
				GCC_NO_COMMON_BLOCKS = YES;
				GCC_OPTIMIZATION_LEVEL = 0;
				GCC_PREPROCESSOR_DEFINITIONS = (
					"DEBUG=1",
					"$(inherited)",
				);
				GCC_WARN_64_TO_32_BIT_CONVERSION = YES;
				GCC_WARN_ABOUT_RETURN_TYPE = YES_ERROR;
				GCC_WARN_UNDECLARED_SELECTOR = YES;
				GCC_WARN_UNINITIALIZED_AUTOS = YES_AGGRESSIVE;
				GCC_WARN_UNUSED_FUNCTION = YES;
				GCC_WARN_UNUSED_VARIABLE = YES;
				IPHONEOS_DEPLOYMENT_TARGET = 15.5;
				MTL_ENABLE_DEBUG_INFO = INCLUDE_SOURCE;
				MTL_FAST_MATH = YES;
				ONLY_ACTIVE_ARCH = YES;
				SDKROOT = iphoneos;
				SWIFT_ACTIVE_COMPILATION_CONDITIONS = DEBUG;
				SWIFT_OPTIMIZATION_LEVEL = "-Onone";
			};
			name = Debug;
		};
		796C509528BB9AEC00000755 /* Release */ = {
			isa = XCBuildConfiguration;
			buildSettings = {
				ALWAYS_SEARCH_USER_PATHS = NO;
				CLANG_ANALYZER_NONNULL = YES;
				CLANG_ANALYZER_NUMBER_OBJECT_CONVERSION = YES_AGGRESSIVE;
				CLANG_CXX_LANGUAGE_STANDARD = "gnu++17";
				CLANG_ENABLE_MODULES = YES;
				CLANG_ENABLE_OBJC_ARC = YES;
				CLANG_ENABLE_OBJC_WEAK = YES;
				CLANG_WARN_BLOCK_CAPTURE_AUTORELEASING = YES;
				CLANG_WARN_BOOL_CONVERSION = YES;
				CLANG_WARN_COMMA = YES;
				CLANG_WARN_CONSTANT_CONVERSION = YES;
				CLANG_WARN_DEPRECATED_OBJC_IMPLEMENTATIONS = YES;
				CLANG_WARN_DIRECT_OBJC_ISA_USAGE = YES_ERROR;
				CLANG_WARN_DOCUMENTATION_COMMENTS = YES;
				CLANG_WARN_EMPTY_BODY = YES;
				CLANG_WARN_ENUM_CONVERSION = YES;
				CLANG_WARN_INFINITE_RECURSION = YES;
				CLANG_WARN_INT_CONVERSION = YES;
				CLANG_WARN_NON_LITERAL_NULL_CONVERSION = YES;
				CLANG_WARN_OBJC_IMPLICIT_RETAIN_SELF = YES;
				CLANG_WARN_OBJC_LITERAL_CONVERSION = YES;
				CLANG_WARN_OBJC_ROOT_CLASS = YES_ERROR;
				CLANG_WARN_QUOTED_INCLUDE_IN_FRAMEWORK_HEADER = YES;
				CLANG_WARN_RANGE_LOOP_ANALYSIS = YES;
				CLANG_WARN_STRICT_PROTOTYPES = YES;
				CLANG_WARN_SUSPICIOUS_MOVE = YES;
				CLANG_WARN_UNGUARDED_AVAILABILITY = YES_AGGRESSIVE;
				CLANG_WARN_UNREACHABLE_CODE = YES;
				CLANG_WARN__DUPLICATE_METHOD_MATCH = YES;
				COPY_PHASE_STRIP = NO;
				DEBUG_INFORMATION_FORMAT = "dwarf-with-dsym";
				ENABLE_NS_ASSERTIONS = NO;
				ENABLE_STRICT_OBJC_MSGSEND = YES;
				GCC_C_LANGUAGE_STANDARD = gnu11;
				GCC_NO_COMMON_BLOCKS = YES;
				GCC_WARN_64_TO_32_BIT_CONVERSION = YES;
				GCC_WARN_ABOUT_RETURN_TYPE = YES_ERROR;
				GCC_WARN_UNDECLARED_SELECTOR = YES;
				GCC_WARN_UNINITIALIZED_AUTOS = YES_AGGRESSIVE;
				GCC_WARN_UNUSED_FUNCTION = YES;
				GCC_WARN_UNUSED_VARIABLE = YES;
				IPHONEOS_DEPLOYMENT_TARGET = 15.5;
				MTL_ENABLE_DEBUG_INFO = NO;
				MTL_FAST_MATH = YES;
				SDKROOT = iphoneos;
				SWIFT_COMPILATION_MODE = wholemodule;
				SWIFT_OPTIMIZATION_LEVEL = "-O";
				VALIDATE_PRODUCT = YES;
			};
			name = Release;
		};
		796C509728BB9AEC00000755 /* Debug */ = {
			isa = XCBuildConfiguration;
			buildSettings = {
				ASSETCATALOG_COMPILER_APPICON_NAME = AppIcon;
				ASSETCATALOG_COMPILER_GLOBAL_ACCENT_COLOR_NAME = AccentColor;
				CODE_SIGN_STYLE = Automatic;
				CURRENT_PROJECT_VERSION = 1;
				GENERATE_INFOPLIST_FILE = YES;
				INFOPLIST_FILE = TechPod/Info.plist;
				INFOPLIST_KEY_UIApplicationSupportsIndirectInputEvents = YES;
				INFOPLIST_KEY_UILaunchStoryboardName = LaunchScreen;
				INFOPLIST_KEY_UIMainStoryboardFile = Main;
				INFOPLIST_KEY_UISupportedInterfaceOrientations_iPad = "UIInterfaceOrientationPortrait UIInterfaceOrientationPortraitUpsideDown UIInterfaceOrientationLandscapeLeft UIInterfaceOrientationLandscapeRight";
				INFOPLIST_KEY_UISupportedInterfaceOrientations_iPhone = "UIInterfaceOrientationPortrait UIInterfaceOrientationLandscapeLeft UIInterfaceOrientationLandscapeRight";
				LD_RUNPATH_SEARCH_PATHS = (
					"$(inherited)",
					"@executable_path/Frameworks",
				);
				MARKETING_VERSION = 1.0;
				PRODUCT_BUNDLE_IDENTIFIER = app.higurashi.shunhigu.TechPod;
				PRODUCT_NAME = "$(TARGET_NAME)";
				SWIFT_EMIT_LOC_STRINGS = YES;
				SWIFT_VERSION = 5.0;
				TARGETED_DEVICE_FAMILY = "1,2";
			};
			name = Debug;
		};
		796C509828BB9AEC00000755 /* Release */ = {
			isa = XCBuildConfiguration;
			buildSettings = {
				ASSETCATALOG_COMPILER_APPICON_NAME = AppIcon;
				ASSETCATALOG_COMPILER_GLOBAL_ACCENT_COLOR_NAME = AccentColor;
				CODE_SIGN_STYLE = Automatic;
				CURRENT_PROJECT_VERSION = 1;
				GENERATE_INFOPLIST_FILE = YES;
				INFOPLIST_FILE = TechPod/Info.plist;
				INFOPLIST_KEY_UIApplicationSupportsIndirectInputEvents = YES;
				INFOPLIST_KEY_UILaunchStoryboardName = LaunchScreen;
				INFOPLIST_KEY_UIMainStoryboardFile = Main;
				INFOPLIST_KEY_UISupportedInterfaceOrientations_iPad = "UIInterfaceOrientationPortrait UIInterfaceOrientationPortraitUpsideDown UIInterfaceOrientationLandscapeLeft UIInterfaceOrientationLandscapeRight";
				INFOPLIST_KEY_UISupportedInterfaceOrientations_iPhone = "UIInterfaceOrientationPortrait UIInterfaceOrientationLandscapeLeft UIInterfaceOrientationLandscapeRight";
				LD_RUNPATH_SEARCH_PATHS = (
					"$(inherited)",
					"@executable_path/Frameworks",
				);
				MARKETING_VERSION = 1.0;
				PRODUCT_BUNDLE_IDENTIFIER = app.higurashi.shunhigu.TechPod;
				PRODUCT_NAME = "$(TARGET_NAME)";
				SWIFT_EMIT_LOC_STRINGS = YES;
				SWIFT_VERSION = 5.0;
				TARGETED_DEVICE_FAMILY = "1,2";
			};
			name = Release;
		};
/* End XCBuildConfiguration section */

/* Begin XCConfigurationList section */
		796C507D28BB9AE700000755 /* Build configuration list for PBXProject "TechPod" */ = {
			isa = XCConfigurationList;
			buildConfigurations = (
				796C509428BB9AEC00000755 /* Debug */,
				796C509528BB9AEC00000755 /* Release */,
			);
			defaultConfigurationIsVisible = 0;
			defaultConfigurationName = Release;
		};
		796C509628BB9AEC00000755 /* Build configuration list for PBXNativeTarget "TechPod" */ = {
			isa = XCConfigurationList;
			buildConfigurations = (
				796C509728BB9AEC00000755 /* Debug */,
				796C509828BB9AEC00000755 /* Release */,
			);
			defaultConfigurationIsVisible = 0;
			defaultConfigurationName = Release;
		};
/* End XCConfigurationList section */
	};
	rootObject = 796C507A28BB9AE700000755 /* Project object */;
}
